
Microsoft Visual Studio Solution File, Format Version 12.00
# Visual Studio Version 16
VisualStudioVersion = 16.0.29509.3
MinimumVisualStudioVersion = 10.0.40219.1
Project("{FAE04EC0-301F-11D3-BF4B-00C04F79EFBC}") = "class5c", "class5c\class5c.csproj", "{82267895-55AD-46B7-9023-B996C6371DA9}"
EndProject
Global
	GlobalSection(SolutionConfigurationPlatforms) = preSolution
		Debug|Any CPU = Debug|Any CPU
		Release|Any CPU = Release|Any CPU
	EndGlobalSection
	GlobalSection(ProjectConfigurationPlatforms) = postSolution
		{82267895-55AD-46B7-9023-B996C6371DA9}.Debug|Any CPU.ActiveCfg = Debug|Any CPU
		{82267895-55AD-46B7-9023-B996C6371DA9}.Debug|Any CPU.Build.0 = Debug|Any CPU
		{82267895-55AD-46B7-9023-B996C6371DA9}.Release|Any CPU.ActiveCfg = Release|Any CPU
		{82267895-55AD-46B7-9023-B996C6371DA9}.Release|Any CPU.Build.0 = Release|Any CPU
	EndGlobalSection
	GlobalSection(SolutionProperties) = preSolution
		HideSolutionNode = FALSE
	EndGlobalSection
	GlobalSection(ExtensibilityGlobals) = postSolution
		SolutionGuid = {88427E58-140A-4107-B9BA-FB3A9D2461F2}
	EndGlobalSection
EndGlobal
